
Microsoft Visual Studio Solution File, Format Version 12.00
# Visual Studio Version 16
VisualStudioVersion = 16.0.31613.86
MinimumVisualStudioVersion = 10.0.40219.1
Project("{FAE04EC0-301F-11D3-BF4B-00C04F79EFBC}") = "NestedLoop", "NestedLoop\NestedLoop.csproj", "{A8D0874C-2D60-49A2-A965-0C96FBDD7380}"
EndProject
Global
	GlobalSection(SolutionConfigurationPlatforms) = preSolution
		Debug|Any CPU = Debug|Any CPU
		Release|Any CPU = Release|Any CPU
	EndGlobalSection
	GlobalSection(ProjectConfigurationPlatforms) = postSolution
		{A8D0874C-2D60-49A2-A965-0C96FBDD7380}.Debug|Any CPU.ActiveCfg = Debug|Any CPU
		{A8D0874C-2D60-49A2-A965-0C96FBDD7380}.Debug|Any CPU.Build.0 = Debug|Any CPU
		{A8D0874C-2D60-49A2-A965-0C96FBDD7380}.Release|Any CPU.ActiveCfg = Release|Any CPU
		{A8D0874C-2D60-49A2-A965-0C96FBDD7380}.Release|Any CPU.Build.0 = Release|Any CPU
	EndGlobalSection
	GlobalSection(SolutionProperties) = preSolution
		HideSolutionNode = FALSE
	EndGlobalSection
	GlobalSection(ExtensibilityGlobals) = postSolution
		SolutionGuid = {17FD0CC0-B1CD-4054-97AD-609B4386A868}
	EndGlobalSection
EndGlobal
